
Microsoft Visual Studio Solution File, Format Version 12.00
# Visual Studio Version 16
VisualStudioVersion = 16.0.30907.101
MinimumVisualStudioVersion = 10.0.40219.1
Project("{FAE04EC0-301F-11D3-BF4B-00C04F79EFBC}") = "MailSender", "MailSender.csproj", "{2BF66F55-1797-4EE5-9C72-CEDA6A34CBD8}"
EndProject
Global
	GlobalSection(SolutionConfigurationPlatforms) = preSolution
		Debug|Any CPU = Debug|Any CPU
		Release|Any CPU = Release|Any CPU
	EndGlobalSection
	GlobalSection(ProjectConfigurationPlatforms) = postSolution
		{2BF66F55-1797-4EE5-9C72-CEDA6A34CBD8}.Debug|Any CPU.ActiveCfg = Debug|Any CPU
		{2BF66F55-1797-4EE5-9C72-CEDA6A34CBD8}.Debug|Any CPU.Build.0 = Debug|Any CPU
		{2BF66F55-1797-4EE5-9C72-CEDA6A34CBD8}.Release|Any CPU.ActiveCfg = Release|Any CPU
		{2BF66F55-1797-4EE5-9C72-CEDA6A34CBD8}.Release|Any CPU.Build.0 = Release|Any CPU
	EndGlobalSection
	GlobalSection(SolutionProperties) = preSolution
		HideSolutionNode = FALSE
	EndGlobalSection
	GlobalSection(ExtensibilityGlobals) = postSolution
		SolutionGuid = {281C0291-E76F-4184-8701-2FBB02C39054}
	EndGlobalSection
EndGlobal
